
Microsoft Visual Studio Solution File, Format Version 12.00
# Visual Studio 15
VisualStudioVersion = 15.0.26430.14
MinimumVisualStudioVersion = 10.0.40219.1
Project("{2150E333-8FDC-42A3-9474-1A3956D46DE8}") = "Website", "Website", "{7D51D00E-46D0-4FB0-8BBE-9EF7E100868D}"
EndProject
Project("{9A19103F-16F7-4668-BE54-9A1E7A4F7556}") = "Website", "Website\Website.csproj", "{3DF48971-C5BB-4D29-BFDA-C206BFA5634E}"
EndProject
Project("{2150E333-8FDC-42A3-9474-1A3956D46DE8}") = "Jobs", "Jobs", "{8D038F54-8235-49BC-886A-86DD8CCAD844}"
EndProject
Project("{FAE04EC0-301F-11D3-BF4B-00C04F79EFBC}") = "EmailCollector", "Jobs\EmailCollector\EmailCollector.csproj", "{FA62BB38-8868-44B1-88EE-3E728BCB1CE3}"
EndProject
Project("{2150E333-8FDC-42A3-9474-1A3956D46DE8}") = "Infrastructure", "Infrastructure", "{0E43E4C4-2A52-4D08-A80B-F1E755A5A405}"
EndProject
Project("{FAE04EC0-301F-11D3-BF4B-00C04F79EFBC}") = "EmailAnalyser", "Jobs\EmailAnalyser\EmailAnalyser.csproj", "{F68CD6DE-A526-4FFF-9943-534B476C1B22}"
EndProject
Project("{FAE04EC0-301F-11D3-BF4B-00C04F79EFBC}") = "MailJobRepository", "Jobs\MailJobRepository\MailJobRepository.csproj", "{FA0AAFC5-6C8D-4AC8-8871-058FFE09C6D3}"
EndProject
Project("{FAE04EC0-301F-11D3-BF4B-00C04F79EFBC}") = "Jobs.Core", "Jobs.Core\Jobs.Core.csproj", "{307894AC-42E5-42F1-B517-3E9C97EC76D8}"
EndProject
Project("{2150E333-8FDC-42A3-9474-1A3956D46DE8}") = "Tests", "Tests", "{2E70C8AB-13F3-49BA-B493-264D30BDB72E}"
EndProject
Project("{FAE04EC0-301F-11D3-BF4B-00C04F79EFBC}") = "DDDSydney2017.IntegrationTests", "Tests\DDDSydney2017.IntegrationTests\DDDSydney2017.IntegrationTests.csproj", "{9D2CDB20-61B2-4388-ACD1-8B893389C4B7}"
EndProject
Global
	GlobalSection(SolutionConfigurationPlatforms) = preSolution
		Debug|Any CPU = Debug|Any CPU
		Release|Any CPU = Release|Any CPU
	EndGlobalSection
	GlobalSection(ProjectConfigurationPlatforms) = postSolution
		{3DF48971-C5BB-4D29-BFDA-C206BFA5634E}.Debug|Any CPU.ActiveCfg = Debug|Any CPU
		{3DF48971-C5BB-4D29-BFDA-C206BFA5634E}.Debug|Any CPU.Build.0 = Debug|Any CPU
		{3DF48971-C5BB-4D29-BFDA-C206BFA5634E}.Release|Any CPU.ActiveCfg = Release|Any CPU
		{3DF48971-C5BB-4D29-BFDA-C206BFA5634E}.Release|Any CPU.Build.0 = Release|Any CPU
		{FA62BB38-8868-44B1-88EE-3E728BCB1CE3}.Debug|Any CPU.ActiveCfg = Debug|Any CPU
		{FA62BB38-8868-44B1-88EE-3E728BCB1CE3}.Debug|Any CPU.Build.0 = Debug|Any CPU
		{FA62BB38-8868-44B1-88EE-3E728BCB1CE3}.Release|Any CPU.ActiveCfg = Release|Any CPU
		{FA62BB38-8868-44B1-88EE-3E728BCB1CE3}.Release|Any CPU.Build.0 = Release|Any CPU
		{F68CD6DE-A526-4FFF-9943-534B476C1B22}.Debug|Any CPU.ActiveCfg = Debug|Any CPU
		{F68CD6DE-A526-4FFF-9943-534B476C1B22}.Debug|Any CPU.Build.0 = Debug|Any CPU
		{F68CD6DE-A526-4FFF-9943-534B476C1B22}.Release|Any CPU.ActiveCfg = Release|Any CPU
		{F68CD6DE-A526-4FFF-9943-534B476C1B22}.Release|Any CPU.Build.0 = Release|Any CPU
		{FA0AAFC5-6C8D-4AC8-8871-058FFE09C6D3}.Debug|Any CPU.ActiveCfg = Debug|Any CPU
		{FA0AAFC5-6C8D-4AC8-8871-058FFE09C6D3}.Debug|Any CPU.Build.0 = Debug|Any CPU
		{FA0AAFC5-6C8D-4AC8-8871-058FFE09C6D3}.Release|Any CPU.ActiveCfg = Release|Any CPU
		{FA0AAFC5-6C8D-4AC8-8871-058FFE09C6D3}.Release|Any CPU.Build.0 = Release|Any CPU
		{307894AC-42E5-42F1-B517-3E9C97EC76D8}.Debug|Any CPU.ActiveCfg = Debug|Any CPU
		{307894AC-42E5-42F1-B517-3E9C97EC76D8}.Debug|Any CPU.Build.0 = Debug|Any CPU
		{307894AC-42E5-42F1-B517-3E9C97EC76D8}.Release|Any CPU.ActiveCfg = Release|Any CPU
		{307894AC-42E5-42F1-B517-3E9C97EC76D8}.Release|Any CPU.Build.0 = Release|Any CPU
		{9D2CDB20-61B2-4388-ACD1-8B893389C4B7}.Debug|Any CPU.ActiveCfg = Debug|Any CPU
		{9D2CDB20-61B2-4388-ACD1-8B893389C4B7}.Debug|Any CPU.Build.0 = Debug|Any CPU
		{9D2CDB20-61B2-4388-ACD1-8B893389C4B7}.Release|Any CPU.ActiveCfg = Release|Any CPU
		{9D2CDB20-61B2-4388-ACD1-8B893389C4B7}.Release|Any CPU.Build.0 = Release|Any CPU
	EndGlobalSection
	GlobalSection(SolutionProperties) = preSolution
		HideSolutionNode = FALSE
	EndGlobalSection
	GlobalSection(NestedProjects) = preSolution
		{3DF48971-C5BB-4D29-BFDA-C206BFA5634E} = {7D51D00E-46D0-4FB0-8BBE-9EF7E100868D}
		{FA62BB38-8868-44B1-88EE-3E728BCB1CE3} = {8D038F54-8235-49BC-886A-86DD8CCAD844}
		{F68CD6DE-A526-4FFF-9943-534B476C1B22} = {8D038F54-8235-49BC-886A-86DD8CCAD844}
		{FA0AAFC5-6C8D-4AC8-8871-058FFE09C6D3} = {8D038F54-8235-49BC-886A-86DD8CCAD844}
		{307894AC-42E5-42F1-B517-3E9C97EC76D8} = {8D038F54-8235-49BC-886A-86DD8CCAD844}
		{9D2CDB20-61B2-4388-ACD1-8B893389C4B7} = {2E70C8AB-13F3-49BA-B493-264D30BDB72E}
	EndGlobalSection
EndGlobal
